// !$*UTF8*$!
{
	archiveVersion = 1;
	classes = {
	};
	objectVersion = 50;
	objects = {

/* Begin PBXBuildFile section */
		9206230723952684004EECD8 /* AppDelegate.swift in Sources */ = {isa = PBXBuildFile; fileRef = 9206230623952684004EECD8 /* AppDelegate.swift */; };
		9206230923952684004EECD8 /* SceneDelegate.swift in Sources */ = {isa = PBXBuildFile; fileRef = 9206230823952684004EECD8 /* SceneDelegate.swift */; };
		9206230B23952684004EECD8 /* ViewController.swift in Sources */ = {isa = PBXBuildFile; fileRef = 9206230A23952684004EECD8 /* ViewController.swift */; };
		9206230E23952684004EECD8 /* Main.storyboard in Resources */ = {isa = PBXBuildFile; fileRef = 9206230C23952684004EECD8 /* Main.storyboard */; };
		920623102395268B004EECD8 /* Assets.xcassets in Resources */ = {isa = PBXBuildFile; fileRef = 9206230F2395268B004EECD8 /* Assets.xcassets */; };
		920623132395268B004EECD8 /* LaunchScreen.storyboard in Resources */ = {isa = PBXBuildFile; fileRef = 920623112395268B004EECD8 /* LaunchScreen.storyboard */; };
		92AC8B0623E99C87003A6A08 /* AnnaTableViewCell.swift in Sources */ = {isa = PBXBuildFile; fileRef = 92AC8B0423E99C87003A6A08 /* AnnaTableViewCell.swift */; };
		92AC8B0723E99C87003A6A08 /* AnnaTableViewCell.xib in Resources */ = {isa = PBXBuildFile; fileRef = 92AC8B0523E99C87003A6A08 /* AnnaTableViewCell.xib */; };
		92AC8B0A23E99CB6003A6A08 /* ElsaTableViewCell.swift in Sources */ = {isa = PBXBuildFile; fileRef = 92AC8B0823E99CB6003A6A08 /* ElsaTableViewCell.swift */; };
		92AC8B0B23E99CB6003A6A08 /* ElsaTableViewCell.xib in Resources */ = {isa = PBXBuildFile; fileRef = 92AC8B0923E99CB6003A6A08 /* ElsaTableViewCell.xib */; };
		92AC8B0E23E99D1B003A6A08 /* KristoffTableViewCell.swift in Sources */ = {isa = PBXBuildFile; fileRef = 92AC8B0C23E99D1B003A6A08 /* KristoffTableViewCell.swift */; };
		92AC8B0F23E99D1B003A6A08 /* KristoffTableViewCell.xib in Resources */ = {isa = PBXBuildFile; fileRef = 92AC8B0D23E99D1B003A6A08 /* KristoffTableViewCell.xib */; };
		92AC8B1423E99E41003A6A08 /* SvenTableViewCell.swift in Sources */ = {isa = PBXBuildFile; fileRef = 92AC8B1223E99E40003A6A08 /* SvenTableViewCell.swift */; };
		92AC8B1523E99E41003A6A08 /* SvenTableViewCell.xib in Resources */ = {isa = PBXBuildFile; fileRef = 92AC8B1323E99E40003A6A08 /* SvenTableViewCell.xib */; };
		92AC8B1823E99E82003A6A08 /* OlafTableViewCell.swift in Sources */ = {isa = PBXBuildFile; fileRef = 92AC8B1623E99E81003A6A08 /* OlafTableViewCell.swift */; };
		92AC8B1923E99E82003A6A08 /* OlafTableViewCell.xib in Resources */ = {isa = PBXBuildFile; fileRef = 92AC8B1723E99E82003A6A08 /* OlafTableViewCell.xib */; };
		92AC8B1E23E99EF0003A6A08 /* AllTableViewCell.swift in Sources */ = {isa = PBXBuildFile; fileRef = 92AC8B1C23E99EF0003A6A08 /* AllTableViewCell.swift */; };
		92AC8B1F23E99EF0003A6A08 /* AllTableViewCell.xib in Resources */ = {isa = PBXBuildFile; fileRef = 92AC8B1D23E99EF0003A6A08 /* AllTableViewCell.xib */; };
/* End PBXBuildFile section */

/* Begin PBXFileReference section */
		9206230323952684004EECD8 /* SomethingNeverChange.app */ = {isa = PBXFileReference; explicitFileType = wrapper.application; includeInIndex = 0; path = SomethingNeverChange.app; sourceTree = BUILT_PRODUCTS_DIR; };
		9206230623952684004EECD8 /* AppDelegate.swift */ = {isa = PBXFileReference; lastKnownFileType = sourcecode.swift; path = AppDelegate.swift; sourceTree = "<group>"; };
		9206230823952684004EECD8 /* SceneDelegate.swift */ = {isa = PBXFileReference; lastKnownFileType = sourcecode.swift; path = SceneDelegate.swift; sourceTree = "<group>"; };
		9206230A23952684004EECD8 /* ViewController.swift */ = {isa = PBXFileReference; lastKnownFileType = sourcecode.swift; path = ViewController.swift; sourceTree = "<group>"; };
		9206230D23952684004EECD8 /* Base */ = {isa = PBXFileReference; lastKnownFileType = file.storyboard; name = Base; path = Base.lproj/Main.storyboard; sourceTree = "<group>"; };
		9206230F2395268B004EECD8 /* Assets.xcassets */ = {isa = PBXFileReference; lastKnownFileType = folder.assetcatalog; path = Assets.xcassets; sourceTree = "<group>"; };
		920623122395268B004EECD8 /* Base */ = {isa = PBXFileReference; lastKnownFileType = file.storyboard; name = Base; path = Base.lproj/LaunchScreen.storyboard; sourceTree = "<group>"; };
		920623142395268B004EECD8 /* Info.plist */ = {isa = PBXFileReference; lastKnownFileType = text.plist.xml; path = Info.plist; sourceTree = "<group>"; };
		92AC8B0423E99C87003A6A08 /* AnnaTableViewCell.swift */ = {isa = PBXFileReference; lastKnownFileType = sourcecode.swift; path = AnnaTableViewCell.swift; sourceTree = "<group>"; };
		92AC8B0523E99C87003A6A08 /* AnnaTableViewCell.xib */ = {isa = PBXFileReference; lastKnownFileType = file.xib; path = AnnaTableViewCell.xib; sourceTree = "<group>"; };
		92AC8B0823E99CB6003A6A08 /* ElsaTableViewCell.swift */ = {isa = PBXFileReference; lastKnownFileType = sourcecode.swift; path = ElsaTableViewCell.swift; sourceTree = "<group>"; };
		92AC8B0923E99CB6003A6A08 /* ElsaTableViewCell.xib */ = {isa = PBXFileReference; lastKnownFileType = file.xib; path = ElsaTableViewCell.xib; sourceTree = "<group>"; };
		92AC8B0C23E99D1B003A6A08 /* KristoffTableViewCell.swift */ = {isa = PBXFileReference; lastKnownFileType = sourcecode.swift; path = KristoffTableViewCell.swift; sourceTree = "<group>"; };
		92AC8B0D23E99D1B003A6A08 /* KristoffTableViewCell.xib */ = {isa = PBXFileReference; lastKnownFileType = file.xib; path = KristoffTableViewCell.xib; sourceTree = "<group>"; };
		92AC8B1223E99E40003A6A08 /* SvenTableViewCell.swift */ = {isa = PBXFileReference; lastKnownFileType = sourcecode.swift; path = SvenTableViewCell.swift; sourceTree = "<group>"; };
		92AC8B1323E99E40003A6A08 /* SvenTableViewCell.xib */ = {isa = PBXFileReference; lastKnownFileType = file.xib; path = SvenTableViewCell.xib; sourceTree = "<group>"; };
		92AC8B1623E99E81003A6A08 /* OlafTableViewCell.swift */ = {isa = PBXFileReference; lastKnownFileType = sourcecode.swift; path = OlafTableViewCell.swift; sourceTree = "<group>"; };
		92AC8B1723E99E82003A6A08 /* OlafTableViewCell.xib */ = {isa = PBXFileReference; lastKnownFileType = file.xib; path = OlafTableViewCell.xib; sourceTree = "<group>"; };
		92AC8B1C23E99EF0003A6A08 /* AllTableViewCell.swift */ = {isa = PBXFileReference; lastKnownFileType = sourcecode.swift; path = AllTableViewCell.swift; sourceTree = "<group>"; };
		92AC8B1D23E99EF0003A6A08 /* AllTableViewCell.xib */ = {isa = PBXFileReference; lastKnownFileType = file.xib; path = AllTableViewCell.xib; sourceTree = "<group>"; };
/* End PBXFileReference section */

/* Begin PBXFrameworksBuildPhase section */
		9206230023952684004EECD8 /* Frameworks */ = {
			isa = PBXFrameworksBuildPhase;
			buildActionMask = 2147483647;
			files = (
			);
			runOnlyForDeploymentPostprocessing = 0;
		};
/* End PBXFrameworksBuildPhase section */

/* Begin PBXGroup section */
		920622FA23952683004EECD8 = {
			isa = PBXGroup;
			children = (
				9206230523952684004EECD8 /* SomethingNeverChange */,
				9206230423952684004EECD8 /* Products */,
			);
			sourceTree = "<group>";
		};
		9206230423952684004EECD8 /* Products */ = {
			isa = PBXGroup;
			children = (
				9206230323952684004EECD8 /* SomethingNeverChange.app */,
			);
			name = Products;
			sourceTree = "<group>";
		};
		9206230523952684004EECD8 /* SomethingNeverChange */ = {
			isa = PBXGroup;
			children = (
				92AC8B1223E99E40003A6A08 /* SvenTableViewCell.swift */,
				92AC8B1323E99E40003A6A08 /* SvenTableViewCell.xib */,
				92AC8B1623E99E81003A6A08 /* OlafTableViewCell.swift */,
				92AC8B1723E99E82003A6A08 /* OlafTableViewCell.xib */,
				92AC8B0423E99C87003A6A08 /* AnnaTableViewCell.swift */,
				92AC8B0523E99C87003A6A08 /* AnnaTableViewCell.xib */,
				92AC8B0823E99CB6003A6A08 /* ElsaTableViewCell.swift */,
				92AC8B0923E99CB6003A6A08 /* ElsaTableViewCell.xib */,
				92AC8B0C23E99D1B003A6A08 /* KristoffTableViewCell.swift */,
				92AC8B0D23E99D1B003A6A08 /* KristoffTableViewCell.xib */,
				92AC8B1C23E99EF0003A6A08 /* AllTableViewCell.swift */,
				92AC8B1D23E99EF0003A6A08 /* AllTableViewCell.xib */,
				9206230623952684004EECD8 /* AppDelegate.swift */,
				9206230823952684004EECD8 /* SceneDelegate.swift */,
				9206230A23952684004EECD8 /* ViewController.swift */,
				9206230C23952684004EECD8 /* Main.storyboard */,
				9206230F2395268B004EECD8 /* Assets.xcassets */,
				920623112395268B004EECD8 /* LaunchScreen.storyboard */,
				920623142395268B004EECD8 /* Info.plist */,
			);
			path = SomethingNeverChange;
			sourceTree = "<group>";
		};
/* End PBXGroup section */

/* Begin PBXNativeTarget section */
		9206230223952684004EECD8 /* SomethingNeverChange */ = {
			isa = PBXNativeTarget;
			buildConfigurationList = 920623172395268B004EECD8 /* Build configuration list for PBXNativeTarget "SomethingNeverChange" */;
			buildPhases = (
				920622FF23952684004EECD8 /* Sources */,
				9206230023952684004EECD8 /* Frameworks */,
				9206230123952684004EECD8 /* Resources */,
			);
			buildRules = (
			);
			dependencies = (
			);
			name = SomethingNeverChange;
			productName = SomethingNeverChange;
			productReference = 9206230323952684004EECD8 /* SomethingNeverChange.app */;
			productType = "com.apple.product-type.application";
		};
/* End PBXNativeTarget section */

/* Begin PBXProject section */
		920622FB23952683004EECD8 /* Project object */ = {
			isa = PBXProject;
			attributes = {
				LastSwiftUpdateCheck = 1120;
				LastUpgradeCheck = 1120;
				ORGANIZATIONNAME = "Kim Yeon Jeong";
				TargetAttributes = {
					9206230223952684004EECD8 = {
						CreatedOnToolsVersion = 11.2.1;
					};
				};
			};
			buildConfigurationList = 920622FE23952684004EECD8 /* Build configuration list for PBXProject "SomethingNeverChange" */;
			compatibilityVersion = "Xcode 9.3";
			developmentRegion = en;
			hasScannedForEncodings = 0;
			knownRegions = (
				en,
				Base,
			);
			mainGroup = 920622FA23952683004EECD8;
			productRefGroup = 9206230423952684004EECD8 /* Products */;
			projectDirPath = "";
			projectRoot = "";
			targets = (
				9206230223952684004EECD8 /* SomethingNeverChange */,
			);
		};
/* End PBXProject section */

/* Begin PBXResourcesBuildPhase section */
		9206230123952684004EECD8 /* Resources */ = {
			isa = PBXResourcesBuildPhase;
			buildActionMask = 2147483647;
			files = (
				92AC8B0B23E99CB6003A6A08 /* ElsaTableViewCell.xib in Resources */,
				92AC8B1523E99E41003A6A08 /* SvenTableViewCell.xib in Resources */,
				920623132395268B004EECD8 /* LaunchScreen.storyboard in Resources */,
				92AC8B1923E99E82003A6A08 /* OlafTableViewCell.xib in Resources */,
				920623102395268B004EECD8 /* Assets.xcassets in Resources */,
				92AC8B1F23E99EF0003A6A08 /* AllTableViewCell.xib in Resources */,
				9206230E23952684004EECD8 /* Main.storyboard in Resources */,
				92AC8B0723E99C87003A6A08 /* AnnaTableViewCell.xib in Resources */,
				92AC8B0F23E99D1B003A6A08 /* KristoffTableViewCell.xib in Resources */,
			);
			runOnlyForDeploymentPostprocessing = 0;
		};
/* End PBXResourcesBuildPhase section */

/* Begin PBXSourcesBuildPhase section */
		920622FF23952684004EECD8 /* Sources */ = {
			isa = PBXSourcesBuildPhase;
			buildActionMask = 2147483647;
			files = (
				92AC8B0A23E99CB6003A6A08 /* ElsaTableViewCell.swift in Sources */,
				92AC8B1E23E99EF0003A6A08 /* AllTableViewCell.swift in Sources */,
				92AC8B1423E99E41003A6A08 /* SvenTableViewCell.swift in Sources */,
				9206230B23952684004EECD8 /* ViewController.swift in Sources */,
				9206230723952684004EECD8 /* AppDelegate.swift in Sources */,
				9206230923952684004EECD8 /* SceneDelegate.swift in Sources */,
				92AC8B0623E99C87003A6A08 /* AnnaTableViewCell.swift in Sources */,
				92AC8B0E23E99D1B003A6A08 /* KristoffTableViewCell.swift in Sources */,
				92AC8B1823E99E82003A6A08 /* OlafTableViewCell.swift in Sources */,
			);
			runOnlyForDeploymentPostprocessing = 0;
		};
/* End PBXSourcesBuildPhase section */

/* Begin PBXVariantGroup section */
		9206230C23952684004EECD8 /* Main.storyboard */ = {
			isa = PBXVariantGroup;
			children = (
				9206230D23952684004EECD8 /* Base */,
			);
			name = Main.storyboard;
			sourceTree = "<group>";
		};
		920623112395268B004EECD8 /* LaunchScreen.storyboard */ = {
			isa = PBXVariantGroup;
			children = (
				920623122395268B004EECD8 /* Base */,
			);
			name = LaunchScreen.storyboard;
			sourceTree = "<group>";
		};
/* End PBXVariantGroup section */

/* Begin XCBuildConfiguration section */
		920623152395268B004EECD8 /* Debug */ = {
			isa = XCBuildConfiguration;
			buildSettings = {
				ALWAYS_SEARCH_USER_PATHS = NO;
				CLANG_ANALYZER_NONNULL = YES;
				CLANG_ANALYZER_NUMBER_OBJECT_CONVERSION = YES_AGGRESSIVE;
				CLANG_CXX_LANGUAGE_STANDARD = "gnu++14";
				CLANG_CXX_LIBRARY = "libc++";
				CLANG_ENABLE_MODULES = YES;
				CLANG_ENABLE_OBJC_ARC = YES;
				CLANG_ENABLE_OBJC_WEAK = YES;
				CLANG_WARN_BLOCK_CAPTURE_AUTORELEASING = YES;
				CLANG_WARN_BOOL_CONVERSION = YES;
				CLANG_WARN_COMMA = YES;
				CLANG_WARN_CONSTANT_CONVERSION = YES;
				CLANG_WARN_DEPRECATED_OBJC_IMPLEMENTATIONS = YES;
				CLANG_WARN_DIRECT_OBJC_ISA_USAGE = YES_ERROR;
				CLANG_WARN_DOCUMENTATION_COMMENTS = YES;
				CLANG_WARN_EMPTY_BODY = YES;
				CLANG_WARN_ENUM_CONVERSION = YES;
				CLANG_WARN_INFINITE_RECURSION = YES;
				CLANG_WARN_INT_CONVERSION = YES;
				CLANG_WARN_NON_LITERAL_NULL_CONVERSION = YES;
				CLANG_WARN_OBJC_IMPLICIT_RETAIN_SELF = YES;
				CLANG_WARN_OBJC_LITERAL_CONVERSION = YES;
				CLANG_WARN_OBJC_ROOT_CLASS = YES_ERROR;
				CLANG_WARN_RANGE_LOOP_ANALYSIS = YES;
				CLANG_WARN_STRICT_PROTOTYPES = YES;
				CLANG_WARN_SUSPICIOUS_MOVE = YES;
				CLANG_WARN_UNGUARDED_AVAILABILITY = YES_AGGRESSIVE;
				CLANG_WARN_UNREACHABLE_CODE = YES;
				CLANG_WARN__DUPLICATE_METHOD_MATCH = YES;
				COPY_PHASE_STRIP = NO;
				DEBUG_INFORMATION_FORMAT = dwarf;
				ENABLE_STRICT_OBJC_MSGSEND = YES;
				ENABLE_TESTABILITY = YES;
				GCC_C_LANGUAGE_STANDARD = gnu11;
				GCC_DYNAMIC_NO_PIC = NO;
				GCC_NO_COMMON_BLOCKS = YES;
				GCC_OPTIMIZATION_LEVEL = 0;
				GCC_PREPROCESSOR_DEFINITIONS = (
					"DEBUG=1",
					"$(inherited)",
				);
				GCC_WARN_64_TO_32_BIT_CONVERSION = YES;
				GCC_WARN_ABOUT_RETURN_TYPE = YES_ERROR;
				GCC_WARN_UNDECLARED_SELECTOR = YES;
				GCC_WARN_UNINITIALIZED_AUTOS = YES_AGGRESSIVE;
				GCC_WARN_UNUSED_FUNCTION = YES;
				GCC_WARN_UNUSED_VARIABLE = YES;
				IPHONEOS_DEPLOYMENT_TARGET = 13.2;
				MTL_ENABLE_DEBUG_INFO = INCLUDE_SOURCE;
				MTL_FAST_MATH = YES;
				ONLY_ACTIVE_ARCH = YES;
				SDKROOT = iphoneos;
				SWIFT_ACTIVE_COMPILATION_CONDITIONS = DEBUG;
				SWIFT_OPTIMIZATION_LEVEL = "-Onone";
			};
			name = Debug;
		};
		920623162395268B004EECD8 /* Release */ = {
			isa = XCBuildConfiguration;
			buildSettings = {
				ALWAYS_SEARCH_USER_PATHS = NO;
				CLANG_ANALYZER_NONNULL = YES;
				CLANG_ANALYZER_NUMBER_OBJECT_CONVERSION = YES_AGGRESSIVE;
				CLANG_CXX_LANGUAGE_STANDARD = "gnu++14";
				CLANG_CXX_LIBRARY = "libc++";
				CLANG_ENABLE_MODULES = YES;
				CLANG_ENABLE_OBJC_ARC = YES;
				CLANG_ENABLE_OBJC_WEAK = YES;
				CLANG_WARN_BLOCK_CAPTURE_AUTORELEASING = YES;
				CLANG_WARN_BOOL_CONVERSION = YES;
				CLANG_WARN_COMMA = YES;
				CLANG_WARN_CONSTANT_CONVERSION = YES;
				CLANG_WARN_DEPRECATED_OBJC_IMPLEMENTATIONS = YES;
				CLANG_WARN_DIRECT_OBJC_ISA_USAGE = YES_ERROR;
				CLANG_WARN_DOCUMENTATION_COMMENTS = YES;
				CLANG_WARN_EMPTY_BODY = YES;
				CLANG_WARN_ENUM_CONVERSION = YES;
				CLANG_WARN_INFINITE_RECURSION = YES;
				CLANG_WARN_INT_CONVERSION = YES;
				CLANG_WARN_NON_LITERAL_NULL_CONVERSION = YES;
				CLANG_WARN_OBJC_IMPLICIT_RETAIN_SELF = YES;
				CLANG_WARN_OBJC_LITERAL_CONVERSION = YES;
				CLANG_WARN_OBJC_ROOT_CLASS = YES_ERROR;
				CLANG_WARN_RANGE_LOOP_ANALYSIS = YES;
				CLANG_WARN_STRICT_PROTOTYPES = YES;
				CLANG_WARN_SUSPICIOUS_MOVE = YES;
				CLANG_WARN_UNGUARDED_AVAILABILITY = YES_AGGRESSIVE;
				CLANG_WARN_UNREACHABLE_CODE = YES;
				CLANG_WARN__DUPLICATE_METHOD_MATCH = YES;
				COPY_PHASE_STRIP = NO;
				DEBUG_INFORMATION_FORMAT = "dwarf-with-dsym";
				ENABLE_NS_ASSERTIONS = NO;
				ENABLE_STRICT_OBJC_MSGSEND = YES;
				GCC_C_LANGUAGE_STANDARD = gnu11;
				GCC_NO_COMMON_BLOCKS = YES;
				GCC_WARN_64_TO_32_BIT_CONVERSION = YES;
				GCC_WARN_ABOUT_RETURN_TYPE = YES_ERROR;
				GCC_WARN_UNDECLARED_SELECTOR = YES;
				GCC_WARN_UNINITIALIZED_AUTOS = YES_AGGRESSIVE;
				GCC_WARN_UNUSED_FUNCTION = YES;
				GCC_WARN_UNUSED_VARIABLE = YES;
				IPHONEOS_DEPLOYMENT_TARGET = 13.2;
				MTL_ENABLE_DEBUG_INFO = NO;
				MTL_FAST_MATH = YES;
				SDKROOT = iphoneos;
				SWIFT_COMPILATION_MODE = wholemodule;
				SWIFT_OPTIMIZATION_LEVEL = "-O";
				VALIDATE_PRODUCT = YES;
			};
			name = Release;
		};
		920623182395268B004EECD8 /* Debug */ = {
			isa = XCBuildConfiguration;
			buildSettings = {
				ASSETCATALOG_COMPILER_APPICON_NAME = AppIcon;
				CODE_SIGN_STYLE = Automatic;
				DEVELOPMENT_TEAM = 8Z2W5ZDA6N;
				INFOPLIST_FILE = SomethingNeverChange/Info.plist;
				LD_RUNPATH_SEARCH_PATHS = (
					"$(inherited)",
					"@executable_path/Frameworks",
				);
				PRODUCT_BUNDLE_IDENTIFIER = com.meibanfa.SomethingNeverChange;
				PRODUCT_NAME = "$(TARGET_NAME)";
				SWIFT_VERSION = 5.0;
				TARGETED_DEVICE_FAMILY = "1,2";
			};
			name = Debug;
		};
		920623192395268B004EECD8 /* Release */ = {
			isa = XCBuildConfiguration;
			buildSettings = {
				ASSETCATALOG_COMPILER_APPICON_NAME = AppIcon;
				CODE_SIGN_STYLE = Automatic;
				DEVELOPMENT_TEAM = 8Z2W5ZDA6N;
				INFOPLIST_FILE = SomethingNeverChange/Info.plist;
				LD_RUNPATH_SEARCH_PATHS = (
					"$(inherited)",
					"@executable_path/Frameworks",
				);
				PRODUCT_BUNDLE_IDENTIFIER = com.meibanfa.SomethingNeverChange;
				PRODUCT_NAME = "$(TARGET_NAME)";
				SWIFT_VERSION = 5.0;
				TARGETED_DEVICE_FAMILY = "1,2";
			};
			name = Release;
		};
/* End XCBuildConfiguration section */

/* Begin XCConfigurationList section */
		920622FE23952684004EECD8 /* Build configuration list for PBXProject "SomethingNeverChange" */ = {
			isa = XCConfigurationList;
			buildConfigurations = (
				920623152395268B004EECD8 /* Debug */,
				920623162395268B004EECD8 /* Release */,
			);
			defaultConfigurationIsVisible = 0;
			defaultConfigurationName = Release;
		};
		920623172395268B004EECD8 /* Build configuration list for PBXNativeTarget "SomethingNeverChange" */ = {
			isa = XCConfigurationList;
			buildConfigurations = (
				920623182395268B004EECD8 /* Debug */,
				920623192395268B004EECD8 /* Release */,
			);
			defaultConfigurationIsVisible = 0;
			defaultConfigurationName = Release;
		};
/* End XCConfigurationList section */
	};
	rootObject = 920622FB23952683004EECD8 /* Project object */;
}
